
Microsoft Visual Studio Solution File, Format Version 12.00
# Visual Studio Version 16
VisualStudioVersion = 16.0.30907.101
MinimumVisualStudioVersion = 10.0.40219.1
Project("{FAE04EC0-301F-11D3-BF4B-00C04F79EFBC}") = "TingyuFirstASPNETWebApp", "TingyuFirstASPNETWebApp.csproj", "{E3CE89F8-3CD9-45A0-814A-30236381AE86}"
EndProject
Global
	GlobalSection(SolutionConfigurationPlatforms) = preSolution
		Debug|Any CPU = Debug|Any CPU
		Release|Any CPU = Release|Any CPU
	EndGlobalSection
	GlobalSection(ProjectConfigurationPlatforms) = postSolution
		{E3CE89F8-3CD9-45A0-814A-30236381AE86}.Debug|Any CPU.ActiveCfg = Debug|Any CPU
		{E3CE89F8-3CD9-45A0-814A-30236381AE86}.Debug|Any CPU.Build.0 = Debug|Any CPU
		{E3CE89F8-3CD9-45A0-814A-30236381AE86}.Release|Any CPU.ActiveCfg = Release|Any CPU
		{E3CE89F8-3CD9-45A0-814A-30236381AE86}.Release|Any CPU.Build.0 = Release|Any CPU
	EndGlobalSection
	GlobalSection(SolutionProperties) = preSolution
		HideSolutionNode = FALSE
	EndGlobalSection
	GlobalSection(ExtensibilityGlobals) = postSolution
		SolutionGuid = {C3BDED97-2F15-428A-8D05-DB3BF9952540}
	EndGlobalSection
EndGlobal
